// !$*UTF8*$!
{
	archiveVersion = 1;
	classes = {
	};
	objectVersion = 46;
	objects = {

/* Begin PBXBuildFile section */
		5F7F82EE1A3580F300289487 /* main.cpp in Sources */ = {isa = PBXBuildFile; fileRef = 5F7F82ED1A3580F300289487 /* main.cpp */; };
		5F7F82F61A3581E500289487 /* util.cpp in Sources */ = {isa = PBXBuildFile; fileRef = 5F7F82F41A3581E500289487 /* util.cpp */; };
/* End PBXBuildFile section */

/* Begin PBXCopyFilesBuildPhase section */
		5F7F82E81A3580F300289487 /* CopyFiles */ = {
			isa = PBXCopyFilesBuildPhase;
			buildActionMask = 2147483647;
			dstPath = /usr/share/man/man1/;
			dstSubfolderSpec = 0;
			files = (
			);
			runOnlyForDeploymentPostprocessing = 1;
		};
/* End PBXCopyFilesBuildPhase section */

/* Begin PBXFileReference section */
		5F7F82EA1A3580F300289487 /* PacketLossTester */ = {isa = PBXFileReference; explicitFileType = "compiled.mach-o.executable"; includeInIndex = 0; path = PacketLossTester; sourceTree = BUILT_PRODUCTS_DIR; };
		5F7F82ED1A3580F300289487 /* main.cpp */ = {isa = PBXFileReference; lastKnownFileType = sourcecode.cpp.cpp; path = main.cpp; sourceTree = "<group>"; };
		5F7F82F41A3581E500289487 /* util.cpp */ = {isa = PBXFileReference; fileEncoding = 4; lastKnownFileType = sourcecode.cpp.cpp; path = util.cpp; sourceTree = "<group>"; };
		5F7F82F51A3581E500289487 /* util.h */ = {isa = PBXFileReference; fileEncoding = 4; lastKnownFileType = sourcecode.c.h; path = util.h; sourceTree = "<group>"; };
/* End PBXFileReference section */

/* Begin PBXFrameworksBuildPhase section */
		5F7F82E71A3580F300289487 /* Frameworks */ = {
			isa = PBXFrameworksBuildPhase;
			buildActionMask = 2147483647;
			files = (
			);
			runOnlyForDeploymentPostprocessing = 0;
		};
/* End PBXFrameworksBuildPhase section */

/* Begin PBXGroup section */
		5F7F82E11A3580F300289487 = {
			isa = PBXGroup;
			children = (
				5F7F82EC1A3580F300289487 /* PacketLossTester */,
				5F7F82EB1A3580F300289487 /* Products */,
			);
			sourceTree = "<group>";
		};
		5F7F82EB1A3580F300289487 /* Products */ = {
			isa = PBXGroup;
			children = (
				5F7F82EA1A3580F300289487 /* PacketLossTester */,
			);
			name = Products;
			sourceTree = "<group>";
		};
		5F7F82EC1A3580F300289487 /* PacketLossTester */ = {
			isa = PBXGroup;
			children = (
				5F7F82F41A3581E500289487 /* util.cpp */,
				5F7F82F51A3581E500289487 /* util.h */,
				5F7F82ED1A3580F300289487 /* main.cpp */,
			);
			path = PacketLossTester;
			sourceTree = "<group>";
		};
/* End PBXGroup section */

/* Begin PBXNativeTarget section */
		5F7F82E91A3580F300289487 /* PacketLossTester */ = {
			isa = PBXNativeTarget;
			buildConfigurationList = 5F7F82F11A3580F300289487 /* Build configuration list for PBXNativeTarget "PacketLossTester" */;
			buildPhases = (
				5F7F82E61A3580F300289487 /* Sources */,
				5F7F82E71A3580F300289487 /* Frameworks */,
				5F7F82E81A3580F300289487 /* CopyFiles */,
			);
			buildRules = (
			);
			dependencies = (
			);
			name = PacketLossTester;
			productName = PacketLossTester;
			productReference = 5F7F82EA1A3580F300289487 /* PacketLossTester */;
			productType = "com.apple.product-type.tool";
		};
/* End PBXNativeTarget section */

/* Begin PBXProject section */
		5F7F82E21A3580F300289487 /* Project object */ = {
			isa = PBXProject;
			attributes = {
				LastUpgradeCheck = 0610;
				ORGANIZATIONNAME = echo;
				TargetAttributes = {
					5F7F82E91A3580F300289487 = {
						CreatedOnToolsVersion = 6.1.1;
					};
				};
			};
			buildConfigurationList = 5F7F82E51A3580F300289487 /* Build configuration list for PBXProject "PacketLossTester" */;
			compatibilityVersion = "Xcode 3.2";
			developmentRegion = English;
			hasScannedForEncodings = 0;
			knownRegions = (
				en,
			);
			mainGroup = 5F7F82E11A3580F300289487;
			productRefGroup = 5F7F82EB1A3580F300289487 /* Products */;
			projectDirPath = "";
			projectRoot = "";
			targets = (
				5F7F82E91A3580F300289487 /* PacketLossTester */,
			);
		};
/* End PBXProject section */

/* Begin PBXSourcesBuildPhase section */
		5F7F82E61A3580F300289487 /* Sources */ = {
			isa = PBXSourcesBuildPhase;
			buildActionMask = 2147483647;
			files = (
				5F7F82EE1A3580F300289487 /* main.cpp in Sources */,
				5F7F82F61A3581E500289487 /* util.cpp in Sources */,
			);
			runOnlyForDeploymentPostprocessing = 0;
		};
/* End PBXSourcesBuildPhase section */

/* Begin XCBuildConfiguration section */
		5F7F82EF1A3580F300289487 /* Debug */ = {
			isa = XCBuildConfiguration;
			buildSettings = {
				ALWAYS_SEARCH_USER_PATHS = NO;
				CLANG_CXX_LANGUAGE_STANDARD = "gnu++0x";
				CLANG_CXX_LIBRARY = "libc++";
				CLANG_ENABLE_MODULES = YES;
				CLANG_ENABLE_OBJC_ARC = YES;
				CLANG_WARN_BOOL_CONVERSION = YES;
				CLANG_WARN_CONSTANT_CONVERSION = YES;
				CLANG_WARN_DIRECT_OBJC_ISA_USAGE = YES_ERROR;
				CLANG_WARN_EMPTY_BODY = YES;
				CLANG_WARN_ENUM_CONVERSION = YES;
				CLANG_WARN_INT_CONVERSION = YES;
				CLANG_WARN_OBJC_ROOT_CLASS = YES_ERROR;
				CLANG_WARN_UNREACHABLE_CODE = YES;
				CLANG_WARN__DUPLICATE_METHOD_MATCH = YES;
				COPY_PHASE_STRIP = NO;
				ENABLE_STRICT_OBJC_MSGSEND = YES;
				GCC_C_LANGUAGE_STANDARD = gnu99;
				GCC_DYNAMIC_NO_PIC = NO;
				GCC_OPTIMIZATION_LEVEL = 0;
				GCC_PREPROCESSOR_DEFINITIONS = (
					"DEBUG=1",
					"$(inherited)",
				);
				GCC_SYMBOLS_PRIVATE_EXTERN = NO;
				GCC_WARN_64_TO_32_BIT_CONVERSION = YES;
				GCC_WARN_ABOUT_RETURN_TYPE = YES_ERROR;
				GCC_WARN_UNDECLARED_SELECTOR = YES;
				GCC_WARN_UNINITIALIZED_AUTOS = YES_AGGRESSIVE;
				GCC_WARN_UNUSED_FUNCTION = YES;
				GCC_WARN_UNUSED_VARIABLE = YES;
				MACOSX_DEPLOYMENT_TARGET = 10.9;
				MTL_ENABLE_DEBUG_INFO = YES;
				ONLY_ACTIVE_ARCH = YES;
				SDKROOT = macosx;
			};
			name = Debug;
		};
		5F7F82F01A3580F300289487 /* Release */ = {
			isa = XCBuildConfiguration;
			buildSettings = {
				ALWAYS_SEARCH_USER_PATHS = NO;
				CLANG_CXX_LANGUAGE_STANDARD = "gnu++0x";
				CLANG_CXX_LIBRARY = "libc++";
				CLANG_ENABLE_MODULES = YES;
				CLANG_ENABLE_OBJC_ARC = YES;
				CLANG_WARN_BOOL_CONVERSION = YES;
				CLANG_WARN_CONSTANT_CONVERSION = YES;
				CLANG_WARN_DIRECT_OBJC_ISA_USAGE = YES_ERROR;
				CLANG_WARN_EMPTY_BODY = YES;
				CLANG_WARN_ENUM_CONVERSION = YES;
				CLANG_WARN_INT_CONVERSION = YES;
				CLANG_WARN_OBJC_ROOT_CLASS = YES_ERROR;
				CLANG_WARN_UNREACHABLE_CODE = YES;
				CLANG_WARN__DUPLICATE_METHOD_MATCH = YES;
				COPY_PHASE_STRIP = YES;
				DEBUG_INFORMATION_FORMAT = "dwarf-with-dsym";
				ENABLE_NS_ASSERTIONS = NO;
				ENABLE_STRICT_OBJC_MSGSEND = YES;
				GCC_C_LANGUAGE_STANDARD = gnu99;
				GCC_WARN_64_TO_32_BIT_CONVERSION = YES;
				GCC_WARN_ABOUT_RETURN_TYPE = YES_ERROR;
				GCC_WARN_UNDECLARED_SELECTOR = YES;
				GCC_WARN_UNINITIALIZED_AUTOS = YES_AGGRESSIVE;
				GCC_WARN_UNUSED_FUNCTION = YES;
				GCC_WARN_UNUSED_VARIABLE = YES;
				MACOSX_DEPLOYMENT_TARGET = 10.9;
				MTL_ENABLE_DEBUG_INFO = NO;
				SDKROOT = macosx;
			};
			name = Release;
		};
		5F7F82F21A3580F300289487 /* Debug */ = {
			isa = XCBuildConfiguration;
			buildSettings = {
				PRODUCT_NAME = "$(TARGET_NAME)";
			};
			name = Debug;
		};
		5F7F82F31A3580F300289487 /* Release */ = {
			isa = XCBuildConfiguration;
			buildSettings = {
				PRODUCT_NAME = "$(TARGET_NAME)";
			};
			name = Release;
		};
/* End XCBuildConfiguration section */

/* Begin XCConfigurationList section */
		5F7F82E51A3580F300289487 /* Build configuration list for PBXProject "PacketLossTester" */ = {
			isa = XCConfigurationList;
			buildConfigurations = (
				5F7F82EF1A3580F300289487 /* Debug */,
				5F7F82F01A3580F300289487 /* Release */,
			);
			defaultConfigurationIsVisible = 0;
			defaultConfigurationName = Release;
		};
		5F7F82F11A3580F300289487 /* Build configuration list for PBXNativeTarget "PacketLossTester" */ = {
			isa = XCConfigurationList;
			buildConfigurations = (
				5F7F82F21A3580F300289487 /* Debug */,
				5F7F82F31A3580F300289487 /* Release */,
			);
			defaultConfigurationIsVisible = 0;
			defaultConfigurationName = Release;
		};
/* End XCConfigurationList section */
	};
	rootObject = 5F7F82E21A3580F300289487 /* Project object */;
}
